
Microsoft Visual Studio Solution File, Format Version 12.00
# Visual Studio Version 17
VisualStudioVersion = 17.11.35312.102
MinimumVisualStudioVersion = 10.0.40219.1
Project("{FAE04EC0-301F-11D3-BF4B-00C04F79EFBC}") = "OOP", "OOP\OOP.csproj", "{DAF35D3F-067A-48D7-8876-E0BCFCE8EF7D}"
EndProject
Global
	GlobalSection(SolutionConfigurationPlatforms) = preSolution
		Debug|Any CPU = Debug|Any CPU
		Release|Any CPU = Release|Any CPU
	EndGlobalSection
	GlobalSection(ProjectConfigurationPlatforms) = postSolution
		{DAF35D3F-067A-48D7-8876-E0BCFCE8EF7D}.Debug|Any CPU.ActiveCfg = Debug|Any CPU
		{DAF35D3F-067A-48D7-8876-E0BCFCE8EF7D}.Debug|Any CPU.Build.0 = Debug|Any CPU
		{DAF35D3F-067A-48D7-8876-E0BCFCE8EF7D}.Release|Any CPU.ActiveCfg = Release|Any CPU
		{DAF35D3F-067A-48D7-8876-E0BCFCE8EF7D}.Release|Any CPU.Build.0 = Release|Any CPU
	EndGlobalSection
	GlobalSection(SolutionProperties) = preSolution
		HideSolutionNode = FALSE
	EndGlobalSection
	GlobalSection(ExtensibilityGlobals) = postSolution
		SolutionGuid = {F5DD22D9-531D-4096-A224-485C54DD511B}
	EndGlobalSection
EndGlobal
